PODS:
  - DeluxeInjection (0.1.6):
    - RuntimeRoutines
  - RuntimeRoutines (0.1.1)

DEPENDENCIES:
  - DeluxeInjection (from `../`)

EXTERNAL SOURCES:
  DeluxeInjection:
    :path: "../"

SPEC CHECKSUMS:
  DeluxeInjection: 296ddeac4d2cdd7ec83478bb339c6da3b78ccf7b
  RuntimeRoutines: 2b79a691652c63061de81982b4a524cb3b323cf3

PODFILE CHECKSUM: f9f7f7fcf4f0a789253957f8f947952d0f25f8cc

COCOAPODS: 1.0.0
