PODS:
  - DeluxeInjection (0.5.0):
    - RuntimeRoutines
  - RuntimeRoutines (0.1.1)

DEPENDENCIES:
  - DeluxeInjection (from `../`)

EXTERNAL SOURCES:
  DeluxeInjection:
    :path: "../"

SPEC CHECKSUMS:
  DeluxeInjection: 0922d5cb6c2ab6e40d178ca76aa2bdfbc9a5f9d5
  RuntimeRoutines: 2b79a691652c63061de81982b4a524cb3b323cf3

PODFILE CHECKSUM: 81c90c6c2ec9754827499be4f3481cecc117ffe0

COCOAPODS: 1.0.0
